
Microsoft Visual Studio Solution File, Format Version 12.00
# Visual Studio Version 16
VisualStudioVersion = 16.0.30204.135
MinimumVisualStudioVersion = 10.0.40219.1
Project("{FAE04EC0-301F-11D3-BF4B-00C04F79EFBC}") = "Vega", "Vega.csproj", "{F53A04CD-BA35-4AAE-B28B-0305A6982778}"
EndProject
Global
	GlobalSection(SolutionConfigurationPlatforms) = preSolution
		Debug|Any CPU = Debug|Any CPU
		Release|Any CPU = Release|Any CPU
	EndGlobalSection
	GlobalSection(ProjectConfigurationPlatforms) = postSolution
		{F53A04CD-BA35-4AAE-B28B-0305A6982778}.Debug|Any CPU.ActiveCfg = Debug|Any CPU
		{F53A04CD-BA35-4AAE-B28B-0305A6982778}.Debug|Any CPU.Build.0 = Debug|Any CPU
		{F53A04CD-BA35-4AAE-B28B-0305A6982778}.Release|Any CPU.ActiveCfg = Release|Any CPU
		{F53A04CD-BA35-4AAE-B28B-0305A6982778}.Release|Any CPU.Build.0 = Release|Any CPU
	EndGlobalSection
	GlobalSection(SolutionProperties) = preSolution
		HideSolutionNode = FALSE
	EndGlobalSection
	GlobalSection(ExtensibilityGlobals) = postSolution
		SolutionGuid = {ED7DF6CE-0203-46A3-9F23-719661D60D7E}
	EndGlobalSection
EndGlobal
